
Microsoft Visual Studio Solution File, Format Version 12.00
# Visual Studio Version 16
VisualStudioVersion = 16.0.31025.194
MinimumVisualStudioVersion = 10.0.40219.1
Project("{9A19103F-16F7-4668-BE54-9A1E7A4F7556}") = "TodoWebApi", "TodoWebApi\TodoWebApi.csproj", "{ABE21584-E4B5-4004-B3BD-08D429C61AFC}"
EndProject
Global
	GlobalSection(SolutionConfigurationPlatforms) = preSolution
		Debug|Any CPU = Debug|Any CPU
		Release|Any CPU = Release|Any CPU
	EndGlobalSection
	GlobalSection(ProjectConfigurationPlatforms) = postSolution
		{ABE21584-E4B5-4004-B3BD-08D429C61AFC}.Debug|Any CPU.ActiveCfg = Debug|Any CPU
		{ABE21584-E4B5-4004-B3BD-08D429C61AFC}.Debug|Any CPU.Build.0 = Debug|Any CPU
		{ABE21584-E4B5-4004-B3BD-08D429C61AFC}.Release|Any CPU.ActiveCfg = Release|Any CPU
		{ABE21584-E4B5-4004-B3BD-08D429C61AFC}.Release|Any CPU.Build.0 = Release|Any CPU
	EndGlobalSection
	GlobalSection(SolutionProperties) = preSolution
		HideSolutionNode = FALSE
	EndGlobalSection
	GlobalSection(ExtensibilityGlobals) = postSolution
		SolutionGuid = {C5155E76-3779-4531-9A65-EE546DEC0322}
	EndGlobalSection
EndGlobal
